// !$*UTF8*$!
{
	archiveVersion = 1;
	classes = {
	};
	objectVersion = 46;
	objects = {

/* Begin PBXBuildFile section */
		C609361F1D48E6B900883240 /* AppDelegate.swift in Sources */ = {isa = PBXBuildFile; fileRef = C609361E1D48E6B900883240 /* AppDelegate.swift */; };
		C60936211D48E6B900883240 /* ViewController.swift in Sources */ = {isa = PBXBuildFile; fileRef = C60936201D48E6B900883240 /* ViewController.swift */; };
		C60936241D48E6B900883240 /* Main.storyboard in Resources */ = {isa = PBXBuildFile; fileRef = C60936221D48E6B900883240 /* Main.storyboard */; };
		C60936271D48E6B900883240 /* MissingPersons.xcdatamodeld in Sources */ = {isa = PBXBuildFile; fileRef = C60936251D48E6B900883240 /* MissingPersons.xcdatamodeld */; };
		C60936291D48E6B900883240 /* Assets.xcassets in Resources */ = {isa = PBXBuildFile; fileRef = C60936281D48E6B900883240 /* Assets.xcassets */; };
		C609362C1D48E6B900883240 /* LaunchScreen.storyboard in Resources */ = {isa = PBXBuildFile; fileRef = C609362A1D48E6B900883240 /* LaunchScreen.storyboard */; };
/* End PBXBuildFile section */

/* Begin PBXFileReference section */
		C609361B1D48E6B900883240 /* MissingPersons.app */ = {isa = PBXFileReference; explicitFileType = wrapper.application; includeInIndex = 0; path = MissingPersons.app; sourceTree = BUILT_PRODUCTS_DIR; };
		C609361E1D48E6B900883240 /* AppDelegate.swift */ = {isa = PBXFileReference; lastKnownFileType = sourcecode.swift; path = AppDelegate.swift; sourceTree = "<group>"; };
		C60936201D48E6B900883240 /* ViewController.swift */ = {isa = PBXFileReference; lastKnownFileType = sourcecode.swift; path = ViewController.swift; sourceTree = "<group>"; };
		C60936231D48E6B900883240 /* Base */ = {isa = PBXFileReference; lastKnownFileType = file.storyboard; name = Base; path = Base.lproj/Main.storyboard; sourceTree = "<group>"; };
		C60936261D48E6B900883240 /* MissingPersons.xcdatamodel */ = {isa = PBXFileReference; lastKnownFileType = wrapper.xcdatamodel; path = MissingPersons.xcdatamodel; sourceTree = "<group>"; };
		C60936281D48E6B900883240 /* Assets.xcassets */ = {isa = PBXFileReference; lastKnownFileType = folder.assetcatalog; path = Assets.xcassets; sourceTree = "<group>"; };
		C609362B1D48E6B900883240 /* Base */ = {isa = PBXFileReference; lastKnownFileType = file.storyboard; name = Base; path = Base.lproj/LaunchScreen.storyboard; sourceTree = "<group>"; };
		C609362D1D48E6B900883240 /* Info.plist */ = {isa = PBXFileReference; lastKnownFileType = text.plist.xml; path = Info.plist; sourceTree = "<group>"; };
/* End PBXFileReference section */

/* Begin PBXFrameworksBuildPhase section */
		C60936181D48E6B900883240 /* Frameworks */ = {
			isa = PBXFrameworksBuildPhase;
			buildActionMask = 2147483647;
			files = (
			);
			runOnlyForDeploymentPostprocessing = 0;
		};
/* End PBXFrameworksBuildPhase section */

/* Begin PBXGroup section */
		C60936121D48E6B900883240 = {
			isa = PBXGroup;
			children = (
				C609361D1D48E6B900883240 /* MissingPersons */,
				C609361C1D48E6B900883240 /* Products */,
			);
			sourceTree = "<group>";
		};
		C609361C1D48E6B900883240 /* Products */ = {
			isa = PBXGroup;
			children = (
				C609361B1D48E6B900883240 /* MissingPersons.app */,
			);
			name = Products;
			sourceTree = "<group>";
		};
		C609361D1D48E6B900883240 /* MissingPersons */ = {
			isa = PBXGroup;
			children = (
				C609361E1D48E6B900883240 /* AppDelegate.swift */,
				C60936201D48E6B900883240 /* ViewController.swift */,
				C60936221D48E6B900883240 /* Main.storyboard */,
				C60936281D48E6B900883240 /* Assets.xcassets */,
				C609362A1D48E6B900883240 /* LaunchScreen.storyboard */,
				C609362D1D48E6B900883240 /* Info.plist */,
				C60936251D48E6B900883240 /* MissingPersons.xcdatamodeld */,
			);
			path = MissingPersons;
			sourceTree = "<group>";
		};
/* End PBXGroup section */

/* Begin PBXNativeTarget section */
		C609361A1D48E6B900883240 /* MissingPersons */ = {
			isa = PBXNativeTarget;
			buildConfigurationList = C60936301D48E6B900883240 /* Build configuration list for PBXNativeTarget "MissingPersons" */;
			buildPhases = (
				C60936171D48E6B900883240 /* Sources */,
				C60936181D48E6B900883240 /* Frameworks */,
				C60936191D48E6B900883240 /* Resources */,
			);
			buildRules = (
			);
			dependencies = (
			);
			name = MissingPersons;
			productName = MissingPersons;
			productReference = C609361B1D48E6B900883240 /* MissingPersons.app */;
			productType = "com.apple.product-type.application";
		};
/* End PBXNativeTarget section */

/* Begin PBXProject section */
		C60936131D48E6B900883240 /* Project object */ = {
			isa = PBXProject;
			attributes = {
				LastSwiftUpdateCheck = 0730;
				LastUpgradeCheck = 0730;
				ORGANIZATIONNAME = Cold;
				TargetAttributes = {
					C609361A1D48E6B900883240 = {
						CreatedOnToolsVersion = 7.3.1;
						DevelopmentTeam = GC7YN82RH4;
					};
				};
			};
			buildConfigurationList = C60936161D48E6B900883240 /* Build configuration list for PBXProject "MissingPersons" */;
			compatibilityVersion = "Xcode 3.2";
			developmentRegion = English;
			hasScannedForEncodings = 0;
			knownRegions = (
				en,
				Base,
			);
			mainGroup = C60936121D48E6B900883240;
			productRefGroup = C609361C1D48E6B900883240 /* Products */;
			projectDirPath = "";
			projectRoot = "";
			targets = (
				C609361A1D48E6B900883240 /* MissingPersons */,
			);
		};
/* End PBXProject section */

/* Begin PBXResourcesBuildPhase section */
		C60936191D48E6B900883240 /* Resources */ = {
			isa = PBXResourcesBuildPhase;
			buildActionMask = 2147483647;
			files = (
				C609362C1D48E6B900883240 /* LaunchScreen.storyboard in Resources */,
				C60936291D48E6B900883240 /* Assets.xcassets in Resources */,
				C60936241D48E6B900883240 /* Main.storyboard in Resources */,
			);
			runOnlyForDeploymentPostprocessing = 0;
		};
/* End PBXResourcesBuildPhase section */

/* Begin PBXSourcesBuildPhase section */
		C60936171D48E6B900883240 /* Sources */ = {
			isa = PBXSourcesBuildPhase;
			buildActionMask = 2147483647;
			files = (
				C60936211D48E6B900883240 /* ViewController.swift in Sources */,
				C60936271D48E6B900883240 /* MissingPersons.xcdatamodeld in Sources */,
				C609361F1D48E6B900883240 /* AppDelegate.swift in Sources */,
			);
			runOnlyForDeploymentPostprocessing = 0;
		};
/* End PBXSourcesBuildPhase section */

/* Begin PBXVariantGroup section */
		C60936221D48E6B900883240 /* Main.storyboard */ = {
			isa = PBXVariantGroup;
			children = (
				C60936231D48E6B900883240 /* Base */,
			);
			name = Main.storyboard;
			sourceTree = "<group>";
		};
		C609362A1D48E6B900883240 /* LaunchScreen.storyboard */ = {
			isa = PBXVariantGroup;
			children = (
				C609362B1D48E6B900883240 /* Base */,
			);
			name = LaunchScreen.storyboard;
			sourceTree = "<group>";
		};
/* End PBXVariantGroup section */

/* Begin XCBuildConfiguration section */
		C609362E1D48E6B900883240 /* Debug */ = {
			isa = XCBuildConfiguration;
			buildSettings = {
				ALWAYS_SEARCH_USER_PATHS = NO;
				CLANG_ANALYZER_NONNULL = YES;
				CLANG_CXX_LANGUAGE_STANDARD = "gnu++0x";
				CLANG_CXX_LIBRARY = "libc++";
				CLANG_ENABLE_MODULES = YES;
				CLANG_ENABLE_OBJC_ARC = YES;
				CLANG_WARN_BOOL_CONVERSION = YES;
				CLANG_WARN_CONSTANT_CONVERSION = YES;
				CLANG_WARN_DIRECT_OBJC_ISA_USAGE = YES_ERROR;
				CLANG_WARN_EMPTY_BODY = YES;
				CLANG_WARN_ENUM_CONVERSION = YES;
				CLANG_WARN_INT_CONVERSION = YES;
				CLANG_WARN_OBJC_ROOT_CLASS = YES_ERROR;
				CLANG_WARN_UNREACHABLE_CODE = YES;
				CLANG_WARN__DUPLICATE_METHOD_MATCH = YES;
				"CODE_SIGN_IDENTITY[sdk=iphoneos*]" = "iPhone Developer";
				COPY_PHASE_STRIP = NO;
				DEBUG_INFORMATION_FORMAT = dwarf;
				ENABLE_STRICT_OBJC_MSGSEND = YES;
				ENABLE_TESTABILITY = YES;
				GCC_C_LANGUAGE_STANDARD = gnu99;
				GCC_DYNAMIC_NO_PIC = NO;
				GCC_NO_COMMON_BLOCKS = YES;
				GCC_OPTIMIZATION_LEVEL = 0;
				GCC_PREPROCESSOR_DEFINITIONS = (
					"DEBUG=1",
					"$(inherited)",
				);
				GCC_WARN_64_TO_32_BIT_CONVERSION = YES;
				GCC_WARN_ABOUT_RETURN_TYPE = YES_ERROR;
				GCC_WARN_UNDECLARED_SELECTOR = YES;
				GCC_WARN_UNINITIALIZED_AUTOS = YES_AGGRESSIVE;
				GCC_WARN_UNUSED_FUNCTION = YES;
				GCC_WARN_UNUSED_VARIABLE = YES;
				IPHONEOS_DEPLOYMENT_TARGET = 9.3;
				MTL_ENABLE_DEBUG_INFO = YES;
				ONLY_ACTIVE_ARCH = YES;
				SDKROOT = iphoneos;
				SWIFT_OPTIMIZATION_LEVEL = "-Onone";
				TARGETED_DEVICE_FAMILY = "1,2";
			};
			name = Debug;
		};
		C609362F1D48E6B900883240 /* Release */ = {
			isa = XCBuildConfiguration;
			buildSettings = {
				ALWAYS_SEARCH_USER_PATHS = NO;
				CLANG_ANALYZER_NONNULL = YES;
				CLANG_CXX_LANGUAGE_STANDARD = "gnu++0x";
				CLANG_CXX_LIBRARY = "libc++";
				CLANG_ENABLE_MODULES = YES;
				CLANG_ENABLE_OBJC_ARC = YES;
				CLANG_WARN_BOOL_CONVERSION = YES;
				CLANG_WARN_CONSTANT_CONVERSION = YES;
				CLANG_WARN_DIRECT_OBJC_ISA_USAGE = YES_ERROR;
				CLANG_WARN_EMPTY_BODY = YES;
				CLANG_WARN_ENUM_CONVERSION = YES;
				CLANG_WARN_INT_CONVERSION = YES;
				CLANG_WARN_OBJC_ROOT_CLASS = YES_ERROR;
				CLANG_WARN_UNREACHABLE_CODE = YES;
				CLANG_WARN__DUPLICATE_METHOD_MATCH = YES;
				"CODE_SIGN_IDENTITY[sdk=iphoneos*]" = "iPhone Developer";
				COPY_PHASE_STRIP = NO;
				DEBUG_INFORMATION_FORMAT = "dwarf-with-dsym";
				ENABLE_NS_ASSERTIONS = NO;
				ENABLE_STRICT_OBJC_MSGSEND = YES;
				GCC_C_LANGUAGE_STANDARD = gnu99;
				GCC_NO_COMMON_BLOCKS = YES;
				GCC_WARN_64_TO_32_BIT_CONVERSION = YES;
				GCC_WARN_ABOUT_RETURN_TYPE = YES_ERROR;
				GCC_WARN_UNDECLARED_SELECTOR = YES;
				GCC_WARN_UNINITIALIZED_AUTOS = YES_AGGRESSIVE;
				GCC_WARN_UNUSED_FUNCTION = YES;
				GCC_WARN_UNUSED_VARIABLE = YES;
				IPHONEOS_DEPLOYMENT_TARGET = 9.3;
				MTL_ENABLE_DEBUG_INFO = NO;
				SDKROOT = iphoneos;
				TARGETED_DEVICE_FAMILY = "1,2";
				VALIDATE_PRODUCT = YES;
			};
			name = Release;
		};
		C60936311D48E6B900883240 /* Debug */ = {
			isa = XCBuildConfiguration;
			buildSettings = {
				ASSETCATALOG_COMPILER_APPICON_NAME = AppIcon;
				INFOPLIST_FILE = MissingPersons/Info.plist;
				LD_RUNPATH_SEARCH_PATHS = "$(inherited) @executable_path/Frameworks";
				PRODUCT_BUNDLE_IDENTIFIER = com.cold.MissingPersons;
				PRODUCT_NAME = "$(TARGET_NAME)";
			};
			name = Debug;
		};
		C60936321D48E6B900883240 /* Release */ = {
			isa = XCBuildConfiguration;
			buildSettings = {
				ASSETCATALOG_COMPILER_APPICON_NAME = AppIcon;
				INFOPLIST_FILE = MissingPersons/Info.plist;
				LD_RUNPATH_SEARCH_PATHS = "$(inherited) @executable_path/Frameworks";
				PRODUCT_BUNDLE_IDENTIFIER = com.cold.MissingPersons;
				PRODUCT_NAME = "$(TARGET_NAME)";
			};
			name = Release;
		};
/* End XCBuildConfiguration section */

/* Begin XCConfigurationList section */
		C60936161D48E6B900883240 /* Build configuration list for PBXProject "MissingPersons" */ = {
			isa = XCConfigurationList;
			buildConfigurations = (
				C609362E1D48E6B900883240 /* Debug */,
				C609362F1D48E6B900883240 /* Release */,
			);
			defaultConfigurationIsVisible = 0;
			defaultConfigurationName = Release;
		};
		C60936301D48E6B900883240 /* Build configuration list for PBXNativeTarget "MissingPersons" */ = {
			isa = XCConfigurationList;
			buildConfigurations = (
				C60936311D48E6B900883240 /* Debug */,
				C60936321D48E6B900883240 /* Release */,
			);
			defaultConfigurationIsVisible = 0;
		};
/* End XCConfigurationList section */

/* Begin XCVersionGroup section */
		C60936251D48E6B900883240 /* MissingPersons.xcdatamodeld */ = {
			isa = XCVersionGroup;
			children = (
				C60936261D48E6B900883240 /* MissingPersons.xcdatamodel */,
			);
			currentVersion = C60936261D48E6B900883240 /* MissingPersons.xcdatamodel */;
			path = MissingPersons.xcdatamodeld;
			sourceTree = "<group>";
			versionGroupType = wrapper.xcdatamodel;
		};
/* End XCVersionGroup section */
	};
	rootObject = C60936131D48E6B900883240 /* Project object */;
}
