// !$*UTF8*$!
{
	archiveVersion = 1;
	classes = {
	};
	objectVersion = 46;
	objects = {

/* Begin PBXBuildFile section */
		C609361F1D48E6B900883240 /* AppDelegate.swift in Sources */ = {isa = PBXBuildFile; fileRef = C609361E1D48E6B900883240 /* AppDelegate.swift */; };
		C60936211D48E6B900883240 /* ViewController.swift in Sources */ = {isa = PBXBuildFile; fileRef = C60936201D48E6B900883240 /* ViewController.swift */; };
		C60936241D48E6B900883240 /* Main.storyboard in Resources */ = {isa = PBXBuildFile; fileRef = C60936221D48E6B900883240 /* Main.storyboard */; };
		C60936271D48E6B900883240 /* MissingPersons.xcdatamodeld in Sources */ = {isa = PBXBuildFile; fileRef = C60936251D48E6B900883240 /* MissingPersons.xcdatamodeld */; };
		C60936291D48E6B900883240 /* Assets.xcassets in Resources */ = {isa = PBXBuildFile; fileRef = C60936281D48E6B900883240 /* Assets.xcassets */; };
		C609362C1D48E6B900883240 /* LaunchScreen.storyboard in Resources */ = {isa = PBXBuildFile; fileRef = C609362A1D48E6B900883240 /* LaunchScreen.storyboard */; };
		C60936361D48F25E00883240 /* PersonCell.swift in Sources */ = {isa = PBXBuildFile; fileRef = C60936351D48F25E00883240 /* PersonCell.swift */; };
		C609363B1D4B643E00883240 /* Person.swift in Sources */ = {isa = PBXBuildFile; fileRef = C609363A1D4B643E00883240 /* Person.swift */; };
		C609363D1D4B660700883240 /* FaceService.swift in Sources */ = {isa = PBXBuildFile; fileRef = C609363C1D4B660700883240 /* FaceService.swift */; };
		C9A1DCA359901EF5F3060073 /* Pods_MissingPersons.framework in Frameworks */ = {isa = PBXBuildFile; fileRef = 8E6AC455D1AE560F26392620 /* Pods_MissingPersons.framework */; };
/* End PBXBuildFile section */

/* Begin PBXFileReference section */
		8E6AC455D1AE560F26392620 /* Pods_MissingPersons.framework */ = {isa = PBXFileReference; explicitFileType = wrapper.framework; includeInIndex = 0; path = Pods_MissingPersons.framework; sourceTree = BUILT_PRODUCTS_DIR; };
		C609361B1D48E6B900883240 /* MissingPersons.app */ = {isa = PBXFileReference; explicitFileType = wrapper.application; includeInIndex = 0; path = MissingPersons.app; sourceTree = BUILT_PRODUCTS_DIR; };
		C609361E1D48E6B900883240 /* AppDelegate.swift */ = {isa = PBXFileReference; lastKnownFileType = sourcecode.swift; path = AppDelegate.swift; sourceTree = "<group>"; };
		C60936201D48E6B900883240 /* ViewController.swift */ = {isa = PBXFileReference; lastKnownFileType = sourcecode.swift; path = ViewController.swift; sourceTree = "<group>"; };
		C60936231D48E6B900883240 /* Base */ = {isa = PBXFileReference; lastKnownFileType = file.storyboard; name = Base; path = Base.lproj/Main.storyboard; sourceTree = "<group>"; };
		C60936261D48E6B900883240 /* MissingPersons.xcdatamodel */ = {isa = PBXFileReference; lastKnownFileType = wrapper.xcdatamodel; path = MissingPersons.xcdatamodel; sourceTree = "<group>"; };
		C60936281D48E6B900883240 /* Assets.xcassets */ = {isa = PBXFileReference; lastKnownFileType = folder.assetcatalog; path = Assets.xcassets; sourceTree = "<group>"; };
		C609362B1D48E6B900883240 /* Base */ = {isa = PBXFileReference; lastKnownFileType = file.storyboard; name = Base; path = Base.lproj/LaunchScreen.storyboard; sourceTree = "<group>"; };
		C609362D1D48E6B900883240 /* Info.plist */ = {isa = PBXFileReference; lastKnownFileType = text.plist.xml; path = Info.plist; sourceTree = "<group>"; };
		C60936351D48F25E00883240 /* PersonCell.swift */ = {isa = PBXFileReference; fileEncoding = 4; lastKnownFileType = sourcecode.swift; path = PersonCell.swift; sourceTree = "<group>"; };
		C60936371D4B632500883240 /* MissingPersons-Bridging-Header.h */ = {isa = PBXFileReference; lastKnownFileType = sourcecode.c.h; path = "MissingPersons-Bridging-Header.h"; sourceTree = "<group>"; };
		C609363A1D4B643E00883240 /* Person.swift */ = {isa = PBXFileReference; fileEncoding = 4; lastKnownFileType = sourcecode.swift; path = Person.swift; sourceTree = "<group>"; };
		C609363C1D4B660700883240 /* FaceService.swift */ = {isa = PBXFileReference; fileEncoding = 4; lastKnownFileType = sourcecode.swift; path = FaceService.swift; sourceTree = "<group>"; };
		D393F4DA274734B01A6CFBE2 /* Pods-MissingPersons.release.xcconfig */ = {isa = PBXFileReference; includeInIndex = 1; lastKnownFileType = text.xcconfig; name = "Pods-MissingPersons.release.xcconfig"; path = "Pods/Target Support Files/Pods-MissingPersons/Pods-MissingPersons.release.xcconfig"; sourceTree = "<group>"; };
		D3DBDD9FDB7770DDE23E25E4 /* Pods-MissingPersons.debug.xcconfig */ = {isa = PBXFileReference; includeInIndex = 1; lastKnownFileType = text.xcconfig; name = "Pods-MissingPersons.debug.xcconfig"; path = "Pods/Target Support Files/Pods-MissingPersons/Pods-MissingPersons.debug.xcconfig"; sourceTree = "<group>"; };
/* End PBXFileReference section */

/* Begin PBXFrameworksBuildPhase section */
		C60936181D48E6B900883240 /* Frameworks */ = {
			isa = PBXFrameworksBuildPhase;
			buildActionMask = 2147483647;
			files = (
				C9A1DCA359901EF5F3060073 /* Pods_MissingPersons.framework in Frameworks */,
			);
			runOnlyForDeploymentPostprocessing = 0;
		};
/* End PBXFrameworksBuildPhase section */

/* Begin PBXGroup section */
		41CFBD7A89E3F57CC0F8B099 /* Pods */ = {
			isa = PBXGroup;
			children = (
				D3DBDD9FDB7770DDE23E25E4 /* Pods-MissingPersons.debug.xcconfig */,
				D393F4DA274734B01A6CFBE2 /* Pods-MissingPersons.release.xcconfig */,
			);
			name = Pods;
			sourceTree = "<group>";
		};
		C60936121D48E6B900883240 = {
			isa = PBXGroup;
			children = (
				C609361D1D48E6B900883240 /* MissingPersons */,
				C609361C1D48E6B900883240 /* Products */,
				41CFBD7A89E3F57CC0F8B099 /* Pods */,
				F9FADBD3B52C29ED955B520C /* Frameworks */,
			);
			sourceTree = "<group>";
		};
		C609361C1D48E6B900883240 /* Products */ = {
			isa = PBXGroup;
			children = (
				C609361B1D48E6B900883240 /* MissingPersons.app */,
			);
			name = Products;
			sourceTree = "<group>";
		};
		C609361D1D48E6B900883240 /* MissingPersons */ = {
			isa = PBXGroup;
			children = (
				C609361E1D48E6B900883240 /* AppDelegate.swift */,
				C60936201D48E6B900883240 /* ViewController.swift */,
				C60936351D48F25E00883240 /* PersonCell.swift */,
				C60936221D48E6B900883240 /* Main.storyboard */,
				C60936281D48E6B900883240 /* Assets.xcassets */,
				C609362A1D48E6B900883240 /* LaunchScreen.storyboard */,
				C609362D1D48E6B900883240 /* Info.plist */,
				C60936251D48E6B900883240 /* MissingPersons.xcdatamodeld */,
				C60936371D4B632500883240 /* MissingPersons-Bridging-Header.h */,
				C609363A1D4B643E00883240 /* Person.swift */,
				C609363C1D4B660700883240 /* FaceService.swift */,
			);
			path = MissingPersons;
			sourceTree = "<group>";
		};
		F9FADBD3B52C29ED955B520C /* Frameworks */ = {
			isa = PBXGroup;
			children = (
				8E6AC455D1AE560F26392620 /* Pods_MissingPersons.framework */,
			);
			name = Frameworks;
			sourceTree = "<group>";
		};
/* End PBXGroup section */

/* Begin PBXNativeTarget section */
		C609361A1D48E6B900883240 /* MissingPersons */ = {
			isa = PBXNativeTarget;
			buildConfigurationList = C60936301D48E6B900883240 /* Build configuration list for PBXNativeTarget "MissingPersons" */;
			buildPhases = (
				95BAD7F9660AA00D40FF62C2 /* [CP] Check Pods Manifest.lock */,
				C60936171D48E6B900883240 /* Sources */,
				C60936181D48E6B900883240 /* Frameworks */,
				C60936191D48E6B900883240 /* Resources */,
				C1939BD3A6CA2307DB3D066C /* [CP] Embed Pods Frameworks */,
				F5196AAD8C87EA2D3B29821F /* [CP] Copy Pods Resources */,
			);
			buildRules = (
			);
			dependencies = (
			);
			name = MissingPersons;
			productName = MissingPersons;
			productReference = C609361B1D48E6B900883240 /* MissingPersons.app */;
			productType = "com.apple.product-type.application";
		};
/* End PBXNativeTarget section */

/* Begin PBXProject section */
		C60936131D48E6B900883240 /* Project object */ = {
			isa = PBXProject;
			attributes = {
				LastSwiftUpdateCheck = 0730;
				LastUpgradeCheck = 0730;
				ORGANIZATIONNAME = Cold;
				TargetAttributes = {
					C609361A1D48E6B900883240 = {
						CreatedOnToolsVersion = 7.3.1;
						DevelopmentTeam = GC7YN82RH4;
					};
				};
			};
			buildConfigurationList = C60936161D48E6B900883240 /* Build configuration list for PBXProject "MissingPersons" */;
			compatibilityVersion = "Xcode 3.2";
			developmentRegion = English;
			hasScannedForEncodings = 0;
			knownRegions = (
				en,
				Base,
			);
			mainGroup = C60936121D48E6B900883240;
			productRefGroup = C609361C1D48E6B900883240 /* Products */;
			projectDirPath = "";
			projectRoot = "";
			targets = (
				C609361A1D48E6B900883240 /* MissingPersons */,
			);
		};
/* End PBXProject section */

/* Begin PBXResourcesBuildPhase section */
		C60936191D48E6B900883240 /* Resources */ = {
			isa = PBXResourcesBuildPhase;
			buildActionMask = 2147483647;
			files = (
				C609362C1D48E6B900883240 /* LaunchScreen.storyboard in Resources */,
				C60936291D48E6B900883240 /* Assets.xcassets in Resources */,
				C60936241D48E6B900883240 /* Main.storyboard in Resources */,
			);
			runOnlyForDeploymentPostprocessing = 0;
		};
/* End PBXResourcesBuildPhase section */

/* Begin PBXShellScriptBuildPhase section */
		95BAD7F9660AA00D40FF62C2 /* [CP] Check Pods Manifest.lock */ = {
			isa = PBXShellScriptBuildPhase;
			buildActionMask = 2147483647;
			files = (
			);
			inputPaths = (
			);
			name = "[CP] Check Pods Manifest.lock";
			outputPaths = (
			);
			runOnlyForDeploymentPostprocessing = 0;
			shellPath = /bin/sh;
			shellScript = "diff \"${PODS_ROOT}/../Podfile.lock\" \"${PODS_ROOT}/Manifest.lock\" > /dev/null\nif [[ $? != 0 ]] ; then\n    cat << EOM\nerror: The sandbox is not in sync with the Podfile.lock. Run 'pod install' or update your CocoaPods installation.\nEOM\n    exit 1\nfi\n";
			showEnvVarsInLog = 0;
		};
		C1939BD3A6CA2307DB3D066C /* [CP] Embed Pods Frameworks */ = {
			isa = PBXShellScriptBuildPhase;
			buildActionMask = 2147483647;
			files = (
			);
			inputPaths = (
			);
			name = "[CP] Embed Pods Frameworks";
			outputPaths = (
			);
			runOnlyForDeploymentPostprocessing = 0;
			shellPath = /bin/sh;
			shellScript = "\"${SRCROOT}/Pods/Target Support Files/Pods-MissingPersons/Pods-MissingPersons-frameworks.sh\"\n";
			showEnvVarsInLog = 0;
		};
		F5196AAD8C87EA2D3B29821F /* [CP] Copy Pods Resources */ = {
			isa = PBXShellScriptBuildPhase;
			buildActionMask = 2147483647;
			files = (
			);
			inputPaths = (
			);
			name = "[CP] Copy Pods Resources";
			outputPaths = (
			);
			runOnlyForDeploymentPostprocessing = 0;
			shellPath = /bin/sh;
			shellScript = "\"${SRCROOT}/Pods/Target Support Files/Pods-MissingPersons/Pods-MissingPersons-resources.sh\"\n";
			showEnvVarsInLog = 0;
		};
/* End PBXShellScriptBuildPhase section */

/* Begin PBXSourcesBuildPhase section */
		C60936171D48E6B900883240 /* Sources */ = {
			isa = PBXSourcesBuildPhase;
			buildActionMask = 2147483647;
			files = (
				C609363B1D4B643E00883240 /* Person.swift in Sources */,
				C60936211D48E6B900883240 /* ViewController.swift in Sources */,
				C60936271D48E6B900883240 /* MissingPersons.xcdatamodeld in Sources */,
				C60936361D48F25E00883240 /* PersonCell.swift in Sources */,
				C609363D1D4B660700883240 /* FaceService.swift in Sources */,
				C609361F1D48E6B900883240 /* AppDelegate.swift in Sources */,
			);
			runOnlyForDeploymentPostprocessing = 0;
		};
/* End PBXSourcesBuildPhase section */

/* Begin PBXVariantGroup section */
		C60936221D48E6B900883240 /* Main.storyboard */ = {
			isa = PBXVariantGroup;
			children = (
				C60936231D48E6B900883240 /* Base */,
			);
			name = Main.storyboard;
			sourceTree = "<group>";
		};
		C609362A1D48E6B900883240 /* LaunchScreen.storyboard */ = {
			isa = PBXVariantGroup;
			children = (
				C609362B1D48E6B900883240 /* Base */,
			);
			name = LaunchScreen.storyboard;
			sourceTree = "<group>";
		};
/* End PBXVariantGroup section */

/* Begin XCBuildConfiguration section */
		C609362E1D48E6B900883240 /* Debug */ = {
			isa = XCBuildConfiguration;
			buildSettings = {
				ALWAYS_SEARCH_USER_PATHS = NO;
				CLANG_ANALYZER_NONNULL = YES;
				CLANG_CXX_LANGUAGE_STANDARD = "gnu++0x";
				CLANG_CXX_LIBRARY = "libc++";
				CLANG_ENABLE_MODULES = YES;
				CLANG_ENABLE_OBJC_ARC = YES;
				CLANG_WARN_BOOL_CONVERSION = YES;
				CLANG_WARN_CONSTANT_CONVERSION = YES;
				CLANG_WARN_DIRECT_OBJC_ISA_USAGE = YES_ERROR;
				CLANG_WARN_EMPTY_BODY = YES;
				CLANG_WARN_ENUM_CONVERSION = YES;
				CLANG_WARN_INT_CONVERSION = YES;
				CLANG_WARN_OBJC_ROOT_CLASS = YES_ERROR;
				CLANG_WARN_UNREACHABLE_CODE = YES;
				CLANG_WARN__DUPLICATE_METHOD_MATCH = YES;
				"CODE_SIGN_IDENTITY[sdk=iphoneos*]" = "iPhone Developer";
				COPY_PHASE_STRIP = NO;
				DEBUG_INFORMATION_FORMAT = dwarf;
				ENABLE_STRICT_OBJC_MSGSEND = YES;
				ENABLE_TESTABILITY = YES;
				GCC_C_LANGUAGE_STANDARD = gnu99;
				GCC_DYNAMIC_NO_PIC = NO;
				GCC_NO_COMMON_BLOCKS = YES;
				GCC_OPTIMIZATION_LEVEL = 0;
				GCC_PREPROCESSOR_DEFINITIONS = (
					"DEBUG=1",
					"$(inherited)",
				);
				GCC_WARN_64_TO_32_BIT_CONVERSION = YES;
				GCC_WARN_ABOUT_RETURN_TYPE = YES_ERROR;
				GCC_WARN_UNDECLARED_SELECTOR = YES;
				GCC_WARN_UNINITIALIZED_AUTOS = YES_AGGRESSIVE;
				GCC_WARN_UNUSED_FUNCTION = YES;
				GCC_WARN_UNUSED_VARIABLE = YES;
				IPHONEOS_DEPLOYMENT_TARGET = 9.3;
				MTL_ENABLE_DEBUG_INFO = YES;
				ONLY_ACTIVE_ARCH = YES;
				SDKROOT = iphoneos;
				SWIFT_OPTIMIZATION_LEVEL = "-Onone";
				TARGETED_DEVICE_FAMILY = "1,2";
			};
			name = Debug;
		};
		C609362F1D48E6B900883240 /* Release */ = {
			isa = XCBuildConfiguration;
			buildSettings = {
				ALWAYS_SEARCH_USER_PATHS = NO;
				CLANG_ANALYZER_NONNULL = YES;
				CLANG_CXX_LANGUAGE_STANDARD = "gnu++0x";
				CLANG_CXX_LIBRARY = "libc++";
				CLANG_ENABLE_MODULES = YES;
				CLANG_ENABLE_OBJC_ARC = YES;
				CLANG_WARN_BOOL_CONVERSION = YES;
				CLANG_WARN_CONSTANT_CONVERSION = YES;
				CLANG_WARN_DIRECT_OBJC_ISA_USAGE = YES_ERROR;
				CLANG_WARN_EMPTY_BODY = YES;
				CLANG_WARN_ENUM_CONVERSION = YES;
				CLANG_WARN_INT_CONVERSION = YES;
				CLANG_WARN_OBJC_ROOT_CLASS = YES_ERROR;
				CLANG_WARN_UNREACHABLE_CODE = YES;
				CLANG_WARN__DUPLICATE_METHOD_MATCH = YES;
				"CODE_SIGN_IDENTITY[sdk=iphoneos*]" = "iPhone Developer";
				COPY_PHASE_STRIP = NO;
				DEBUG_INFORMATION_FORMAT = "dwarf-with-dsym";
				ENABLE_NS_ASSERTIONS = NO;
				ENABLE_STRICT_OBJC_MSGSEND = YES;
				GCC_C_LANGUAGE_STANDARD = gnu99;
				GCC_NO_COMMON_BLOCKS = YES;
				GCC_WARN_64_TO_32_BIT_CONVERSION = YES;
				GCC_WARN_ABOUT_RETURN_TYPE = YES_ERROR;
				GCC_WARN_UNDECLARED_SELECTOR = YES;
				GCC_WARN_UNINITIALIZED_AUTOS = YES_AGGRESSIVE;
				GCC_WARN_UNUSED_FUNCTION = YES;
				GCC_WARN_UNUSED_VARIABLE = YES;
				IPHONEOS_DEPLOYMENT_TARGET = 9.3;
				MTL_ENABLE_DEBUG_INFO = NO;
				SDKROOT = iphoneos;
				TARGETED_DEVICE_FAMILY = "1,2";
				VALIDATE_PRODUCT = YES;
			};
			name = Release;
		};
		C60936311D48E6B900883240 /* Debug */ = {
			isa = XCBuildConfiguration;
			baseConfigurationReference = D3DBDD9FDB7770DDE23E25E4 /* Pods-MissingPersons.debug.xcconfig */;
			buildSettings = {
				ASSETCATALOG_COMPILER_APPICON_NAME = AppIcon;
				CLANG_ENABLE_MODULES = YES;
				INFOPLIST_FILE = MissingPersons/Info.plist;
				LD_RUNPATH_SEARCH_PATHS = "$(inherited) @executable_path/Frameworks";
				PRODUCT_BUNDLE_IDENTIFIER = com.cold.MissingPersons;
				PRODUCT_NAME = "$(TARGET_NAME)";
				SWIFT_OBJC_BRIDGING_HEADER = "MissingPersons/MissingPersons-Bridging-Header.h";
				SWIFT_OPTIMIZATION_LEVEL = "-Onone";
			};
			name = Debug;
		};
		C60936321D48E6B900883240 /* Release */ = {
			isa = XCBuildConfiguration;
			baseConfigurationReference = D393F4DA274734B01A6CFBE2 /* Pods-MissingPersons.release.xcconfig */;
			buildSettings = {
				ASSETCATALOG_COMPILER_APPICON_NAME = AppIcon;
				CLANG_ENABLE_MODULES = YES;
				INFOPLIST_FILE = MissingPersons/Info.plist;
				LD_RUNPATH_SEARCH_PATHS = "$(inherited) @executable_path/Frameworks";
				PRODUCT_BUNDLE_IDENTIFIER = com.cold.MissingPersons;
				PRODUCT_NAME = "$(TARGET_NAME)";
				SWIFT_OBJC_BRIDGING_HEADER = "MissingPersons/MissingPersons-Bridging-Header.h";
			};
			name = Release;
		};
/* End XCBuildConfiguration section */

/* Begin XCConfigurationList section */
		C60936161D48E6B900883240 /* Build configuration list for PBXProject "MissingPersons" */ = {
			isa = XCConfigurationList;
			buildConfigurations = (
				C609362E1D48E6B900883240 /* Debug */,
				C609362F1D48E6B900883240 /* Release */,
			);
			defaultConfigurationIsVisible = 0;
			defaultConfigurationName = Release;
		};
		C60936301D48E6B900883240 /* Build configuration list for PBXNativeTarget "MissingPersons" */ = {
			isa = XCConfigurationList;
			buildConfigurations = (
				C60936311D48E6B900883240 /* Debug */,
				C60936321D48E6B900883240 /* Release */,
			);
			defaultConfigurationIsVisible = 0;
			defaultConfigurationName = Release;
		};
/* End XCConfigurationList section */

/* Begin XCVersionGroup section */
		C60936251D48E6B900883240 /* MissingPersons.xcdatamodeld */ = {
			isa = XCVersionGroup;
			children = (
				C60936261D48E6B900883240 /* MissingPersons.xcdatamodel */,
			);
			currentVersion = C60936261D48E6B900883240 /* MissingPersons.xcdatamodel */;
			path = MissingPersons.xcdatamodeld;
			sourceTree = "<group>";
			versionGroupType = wrapper.xcdatamodel;
		};
/* End XCVersionGroup section */
	};
	rootObject = C60936131D48E6B900883240 /* Project object */;
}
